
Microsoft Visual Studio Solution File, Format Version 12.00
# Visual Studio 2013
VisualStudioVersion = 12.0.31101.0
MinimumVisualStudioVersion = 10.0.40219.1
Project("{8BC9CEB8-8B4A-11D0-8D11-00A0C91BC942}") = "tm2sqllite", "tm2sqllite.vcxproj", "{39ED3049-4BA4-4808-B677-6A03BD3FE386}"
EndProject
Project("{8BC9CEB8-8B4A-11D0-8D11-00A0C91BC942}") = "TMApi", "..\TMApi\TMApi.vcxproj", "{53EB681E-4D0A-40FF-A5AC-2B45FA64B17F}"
EndProject
Project("{8BC9CEB8-8B4A-11D0-8D11-00A0C91BC942}") = "Runtime", "..\Runtime\Runtime.vcxproj", "{3A1FF0A6-9BE2-4AC0-900E-0C7361AD58D5}"
EndProject
Global
	GlobalSection(SolutionConfigurationPlatforms) = preSolution
		Debug|Win32 = Debug|Win32
		Release|Win32 = Release|Win32
	EndGlobalSection
	GlobalSection(ProjectConfigurationPlatforms) = postSolution
		{39ED3049-4BA4-4808-B677-6A03BD3FE386}.Debug|Win32.ActiveCfg = Debug|Win32
		{39ED3049-4BA4-4808-B677-6A03BD3FE386}.Debug|Win32.Build.0 = Debug|Win32
		{39ED3049-4BA4-4808-B677-6A03BD3FE386}.Release|Win32.ActiveCfg = Release|Win32
		{39ED3049-4BA4-4808-B677-6A03BD3FE386}.Release|Win32.Build.0 = Release|Win32
		{53EB681E-4D0A-40FF-A5AC-2B45FA64B17F}.Debug|Win32.ActiveCfg = Debug|Win32
		{53EB681E-4D0A-40FF-A5AC-2B45FA64B17F}.Debug|Win32.Build.0 = Debug|Win32
		{53EB681E-4D0A-40FF-A5AC-2B45FA64B17F}.Release|Win32.ActiveCfg = Release|Win32
		{53EB681E-4D0A-40FF-A5AC-2B45FA64B17F}.Release|Win32.Build.0 = Release|Win32
		{3A1FF0A6-9BE2-4AC0-900E-0C7361AD58D5}.Debug|Win32.ActiveCfg = Debug|Win32
		{3A1FF0A6-9BE2-4AC0-900E-0C7361AD58D5}.Debug|Win32.Build.0 = Debug|Win32
		{3A1FF0A6-9BE2-4AC0-900E-0C7361AD58D5}.Release|Win32.ActiveCfg = Release|Win32
		{3A1FF0A6-9BE2-4AC0-900E-0C7361AD58D5}.Release|Win32.Build.0 = Release|Win32
	EndGlobalSection
	GlobalSection(SolutionProperties) = preSolution
		HideSolutionNode = FALSE
	EndGlobalSection
EndGlobal
